
Microsoft Visual Studio Solution File, Format Version 12.00
# Visual Studio 15
VisualStudioVersion = 15.0.28307.136
MinimumVisualStudioVersion = 10.0.40219.1
Project("{FAE04EC0-301F-11D3-BF4B-00C04F79EFBC}") = "CSharpPFCursus", "CSharpPFCursus\CSharpPFCursus.csproj", "{C4C407FF-685C-4BD6-8718-5FBACBB8821F}"
EndProject
Project("{FAE04EC0-301F-11D3-BF4B-00C04F79EFBC}") = "CSharpPFOefenmap", "CSharpPFOefenmap\CSharpPFOefenmap.csproj", "{E34BCD37-34F6-4586-84D1-54B70DA3F54F}"
EndProject
Global
	GlobalSection(SolutionConfigurationPlatforms) = preSolution
		Debug|Any CPU = Debug|Any CPU
		Release|Any CPU = Release|Any CPU
	EndGlobalSection
	GlobalSection(ProjectConfigurationPlatforms) = postSolution
		{C4C407FF-685C-4BD6-8718-5FBACBB8821F}.Debug|Any CPU.ActiveCfg = Debug|Any CPU
		{C4C407FF-685C-4BD6-8718-5FBACBB8821F}.Debug|Any CPU.Build.0 = Debug|Any CPU
		{C4C407FF-685C-4BD6-8718-5FBACBB8821F}.Release|Any CPU.ActiveCfg = Release|Any CPU
		{C4C407FF-685C-4BD6-8718-5FBACBB8821F}.Release|Any CPU.Build.0 = Release|Any CPU
		{E34BCD37-34F6-4586-84D1-54B70DA3F54F}.Debug|Any CPU.ActiveCfg = Debug|Any CPU
		{E34BCD37-34F6-4586-84D1-54B70DA3F54F}.Debug|Any CPU.Build.0 = Debug|Any CPU
		{E34BCD37-34F6-4586-84D1-54B70DA3F54F}.Release|Any CPU.ActiveCfg = Release|Any CPU
		{E34BCD37-34F6-4586-84D1-54B70DA3F54F}.Release|Any CPU.Build.0 = Release|Any CPU
	EndGlobalSection
	GlobalSection(SolutionProperties) = preSolution
		HideSolutionNode = FALSE
	EndGlobalSection
	GlobalSection(ExtensibilityGlobals) = postSolution
		SolutionGuid = {F1DCE231-6370-448C-A45D-E69E0416BB31}
	EndGlobalSection
EndGlobal
